{
    "_meta": {
        "hash": {
            "sha256": "da3d27f87827a2796248be10bfd9cf70d2bd2b687fc4a230adfbaed8726e27ed"
        },
        "pipfile-spec": 6,
        "requires": {
            "python_version": "3.12"
        },
        "sources": [
            {
                "name": "pypi",
                "url": "https://mirrors.aliyun.com/pypi/simple/",
                "verify_ssl": true
            }
        ]
    },
    "default": {
        "click": {
            "hashes": [
                "sha256:63c132bbbed01578a06712a2d1f497bb62d9c1c0d329b7903a866228027263b2",
                "sha256:ed53c9d8990d83c2a27deae68e4ee337473f6330c040a31d4225c9574d16096a"
            ],
            "index": "pypi",
            "markers": "python_version >= '3.7'",
            "version": "==8.1.8"
        },
        "colorful": {
            "hashes": [
                "sha256:b56d5c01db1dac4898308ea889edcb113fbee3e6ec5df4bacffd61d5241b5b8d",
                "sha256:eab8c1c809f5025ad2b5238a50bd691e26850da8cac8f90d660ede6ea1af9f1e"
            ],
            "version": "==0.5.6"
        },
        "cyaron": {
            "hashes": [
                "sha256:175b7294d0dab3678d5e44ccb64834b8a3327323f7a0270cbf0e54a754e1193b",
                "sha256:c9aa6449cb4a2738120662f05a7112978a6f379c89bdf304e418ad73606f86f6"
            ],
            "index": "pypi",
            "markers": "python_version >= '3.6'",
            "version": "==0.6.0"
        },
        "tqdm": {
            "hashes": [
                "sha256:26445eca388f82e72884e0d580d5464cd801a3ea01e63e5601bdff9ba6a48de2",
                "sha256:f8aef9c52c08c13a65f30ea34f4e5aac3fd1a34959879d7e59e63027286627f2"
            ],
            "index": "pypi",
            "markers": "python_version >= '3.7'",
            "version": "==4.67.1"
        },
        "xeger": {
            "hashes": [
                "sha256:a0f544faf45ac56a29af4e628bd1e6996334f090458d78a61581490df1aad252"
            ],
            "version": "==0.4.0"
        }
    },
    "develop": {
        "autopep8": {
            "hashes": [
                "sha256:89440a4f969197b69a995e4ce0661b031f455a9f776d2c5ba3dbd83466931758",
                "sha256:ce8ad498672c845a0c3de2629c15b635ec2b05ef8177a6e7c91c74f3e9b51128"
            ],
            "index": "pypi",
            "markers": "python_version >= '3.9'",
            "version": "==2.3.2"
        },
        "pycodestyle": {
            "hashes": [
                "sha256:46f0fb92069a7c28ab7bb558f05bfc0110dac69a0cd23c61ea0040283a9d78b3",
                "sha256:6838eae08bbce4f6accd5d5572075c63626a15ee3e6f842df996bf62f6d73521"
            ],
            "markers": "python_version >= '3.8'",
            "version": "==2.12.1"
        }
    }
}
